
Microsoft Visual Studio Solution File, Format Version 12.00
# Visual Studio Version 17
VisualStudioVersion = 17.14.36429.23 d17.14
MinimumVisualStudioVersion = 10.0.40219.1
Project("{FAE04EC0-301F-11D3-BF4B-00C04F79EFBC}") = "comp367kaur-webapp", "comp367kaur-webapp\comp367kaur-webapp.csproj", "{16D19891-F411-4779-B03F-3E9307F9B357}"
EndProject
Global
	GlobalSection(SolutionConfigurationPlatforms) = preSolution
		Debug|Any CPU = Debug|Any CPU
		Release|Any CPU = Release|Any CPU
	EndGlobalSection
	GlobalSection(ProjectConfigurationPlatforms) = postSolution
		{16D19891-F411-4779-B03F-3E9307F9B357}.Debug|Any CPU.ActiveCfg = Debug|Any CPU
		{16D19891-F411-4779-B03F-3E9307F9B357}.Debug|Any CPU.Build.0 = Debug|Any CPU
		{16D19891-F411-4779-B03F-3E9307F9B357}.Release|Any CPU.ActiveCfg = Release|Any CPU
		{16D19891-F411-4779-B03F-3E9307F9B357}.Release|Any CPU.Build.0 = Release|Any CPU
	EndGlobalSection
	GlobalSection(SolutionProperties) = preSolution
		HideSolutionNode = FALSE
	EndGlobalSection
	GlobalSection(ExtensibilityGlobals) = postSolution
		SolutionGuid = {57201BB9-7877-4DF6-8566-D4F95AE4D5DC}
	EndGlobalSection
EndGlobal
